
Microsoft Visual Studio Solution File, Format Version 12.00
# Visual Studio Version 16
VisualStudioVersion = 16.0.34301.259
MinimumVisualStudioVersion = 10.0.40219.1
Project("{FAE04EC0-301F-11D3-BF4B-00C04F79EFBC}") = "Contasis", "Contasis\Contasis.csproj", "{871A6E9F-EDC4-436C-9857-89BB9384431F}"
EndProject
Project("{54435603-DBB4-11D2-8724-00A0C9A8B90C}") = "Setup1", "Setup1\Setup1.vdproj", "{4CAD325F-D0DF-4C2B-B14C-3514B5FE6500}"
EndProject
Project("{FAE04EC0-301F-11D3-BF4B-00C04F79EFBC}") = "Actualizador", "Actualizador\Actualizador.csproj", "{6A4A86A6-D28C-4DC4-A75B-9FE2C2F16453}"
EndProject
Global
	GlobalSection(SolutionConfigurationPlatforms) = preSolution
		Debug|Any CPU = Debug|Any CPU
		Release|Any CPU = Release|Any CPU
	EndGlobalSection
	GlobalSection(ProjectConfigurationPlatforms) = postSolution
		{871A6E9F-EDC4-436C-9857-89BB9384431F}.Debug|Any CPU.ActiveCfg = Debug|Any CPU
		{871A6E9F-EDC4-436C-9857-89BB9384431F}.Debug|Any CPU.Build.0 = Debug|Any CPU
		{871A6E9F-EDC4-436C-9857-89BB9384431F}.Release|Any CPU.ActiveCfg = Release|Any CPU
		{871A6E9F-EDC4-436C-9857-89BB9384431F}.Release|Any CPU.Build.0 = Release|Any CPU
		{4CAD325F-D0DF-4C2B-B14C-3514B5FE6500}.Debug|Any CPU.ActiveCfg = Debug
		{4CAD325F-D0DF-4C2B-B14C-3514B5FE6500}.Release|Any CPU.ActiveCfg = Release
		{6A4A86A6-D28C-4DC4-A75B-9FE2C2F16453}.Debug|Any CPU.ActiveCfg = Debug|Any CPU
		{6A4A86A6-D28C-4DC4-A75B-9FE2C2F16453}.Debug|Any CPU.Build.0 = Debug|Any CPU
		{6A4A86A6-D28C-4DC4-A75B-9FE2C2F16453}.Release|Any CPU.ActiveCfg = Release|Any CPU
		{6A4A86A6-D28C-4DC4-A75B-9FE2C2F16453}.Release|Any CPU.Build.0 = Release|Any CPU
	EndGlobalSection
	GlobalSection(SolutionProperties) = preSolution
		HideSolutionNode = FALSE
	EndGlobalSection
	GlobalSection(ExtensibilityGlobals) = postSolution
		SolutionGuid = {583FD650-7164-468D-996E-FBD8C874EE0E}
	EndGlobalSection
EndGlobal
